// !$*UTF8*$!
{
	archiveVersion = 1;
	classes = {
	};
	objectVersion = 46;
	objects = {

/* Begin PBXBuildFile section */
		A869AA011DFE393100455D8B /* main.m in Sources */ = {isa = PBXBuildFile; fileRef = A869AA001DFE393100455D8B /* main.m */; };
		A869AA041DFE393100455D8B /* AppDelegate.m in Sources */ = {isa = PBXBuildFile; fileRef = A869AA031DFE393100455D8B /* AppDelegate.m */; };
		A869AA071DFE393100455D8B /* ViewController.m in Sources */ = {isa = PBXBuildFile; fileRef = A869AA061DFE393100455D8B /* ViewController.m */; };
		A869AA0A1DFE393100455D8B /* Main.storyboard in Resources */ = {isa = PBXBuildFile; fileRef = A869AA081DFE393100455D8B /* Main.storyboard */; };
		A869AA0C1DFE393100455D8B /* Assets.xcassets in Resources */ = {isa = PBXBuildFile; fileRef = A869AA0B1DFE393100455D8B /* Assets.xcassets */; };
		A869AA0F1DFE393100455D8B /* LaunchScreen.storyboard in Resources */ = {isa = PBXBuildFile; fileRef = A869AA0D1DFE393100455D8B /* LaunchScreen.storyboard */; };
		A869AA1A1DFE393100455D8B /* JSUITests.m in Sources */ = {isa = PBXBuildFile; fileRef = A869AA191DFE393100455D8B /* JSUITests.m */; };
		A869AA261DFE4EC800455D8B /* WebKit.framework in Frameworks */ = {isa = PBXBuildFile; fileRef = A869AA251DFE4EC800455D8B /* WebKit.framework */; };
		A869AA291DFE7C5500455D8B /* FirstViewController.m in Sources */ = {isa = PBXBuildFile; fileRef = A869AA281DFE7C5500455D8B /* FirstViewController.m */; };
		A869AA2B1DFE7F9A00455D8B /* jsoc.html in Resources */ = {isa = PBXBuildFile; fileRef = A869AA2A1DFE7F9A00455D8B /* jsoc.html */; };
/* End PBXBuildFile section */

/* Begin PBXContainerItemProxy section */
		A869AA161DFE393100455D8B /* PBXContainerItemProxy */ = {
			isa = PBXContainerItemProxy;
			containerPortal = A869A9F41DFE393000455D8B /* Project object */;
			proxyType = 1;
			remoteGlobalIDString = A869A9FB1DFE393000455D8B;
			remoteInfo = JS;
		};
/* End PBXContainerItemProxy section */

/* Begin PBXFileReference section */
		A869A9FC1DFE393100455D8B /* JS.app */ = {isa = PBXFileReference; explicitFileType = wrapper.application; includeInIndex = 0; path = JS.app; sourceTree = BUILT_PRODUCTS_DIR; };
		A869AA001DFE393100455D8B /* main.m */ = {isa = PBXFileReference; lastKnownFileType = sourcecode.c.objc; path = main.m; sourceTree = "<group>"; };
		A869AA021DFE393100455D8B /* AppDelegate.h */ = {isa = PBXFileReference; lastKnownFileType = sourcecode.c.h; path = AppDelegate.h; sourceTree = "<group>"; };
		A869AA031DFE393100455D8B /* AppDelegate.m */ = {isa = PBXFileReference; lastKnownFileType = sourcecode.c.objc; path = AppDelegate.m; sourceTree = "<group>"; };
		A869AA051DFE393100455D8B /* ViewController.h */ = {isa = PBXFileReference; lastKnownFileType = sourcecode.c.h; path = ViewController.h; sourceTree = "<group>"; };
		A869AA061DFE393100455D8B /* ViewController.m */ = {isa = PBXFileReference; lastKnownFileType = sourcecode.c.objc; path = ViewController.m; sourceTree = "<group>"; };
		A869AA091DFE393100455D8B /* Base */ = {isa = PBXFileReference; lastKnownFileType = file.storyboard; name = Base; path = Base.lproj/Main.storyboard; sourceTree = "<group>"; };
		A869AA0B1DFE393100455D8B /* Assets.xcassets */ = {isa = PBXFileReference; lastKnownFileType = folder.assetcatalog; path = Assets.xcassets; sourceTree = "<group>"; };
		A869AA0E1DFE393100455D8B /* Base */ = {isa = PBXFileReference; lastKnownFileType = file.storyboard; name = Base; path = Base.lproj/LaunchScreen.storyboard; sourceTree = "<group>"; };
		A869AA101DFE393100455D8B /* Info.plist */ = {isa = PBXFileReference; lastKnownFileType = text.plist.xml; path = Info.plist; sourceTree = "<group>"; };
		A869AA151DFE393100455D8B /* JSUITests.xctest */ = {isa = PBXFileReference; explicitFileType = wrapper.cfbundle; includeInIndex = 0; path = JSUITests.xctest; sourceTree = BUILT_PRODUCTS_DIR; };
		A869AA191DFE393100455D8B /* JSUITests.m */ = {isa = PBXFileReference; lastKnownFileType = sourcecode.c.objc; path = JSUITests.m; sourceTree = "<group>"; };
		A869AA1B1DFE393100455D8B /* Info.plist */ = {isa = PBXFileReference; lastKnownFileType = text.plist.xml; path = Info.plist; sourceTree = "<group>"; };
		A869AA251DFE4EC800455D8B /* WebKit.framework */ = {isa = PBXFileReference; lastKnownFileType = wrapper.framework; name = WebKit.framework; path = System/Library/Frameworks/WebKit.framework; sourceTree = SDKROOT; };
		A869AA271DFE7C5500455D8B /* FirstViewController.h */ = {isa = PBXFileReference; fileEncoding = 4; lastKnownFileType = sourcecode.c.h; path = FirstViewController.h; sourceTree = "<group>"; };
		A869AA281DFE7C5500455D8B /* FirstViewController.m */ = {isa = PBXFileReference; fileEncoding = 4; lastKnownFileType = sourcecode.c.objc; path = FirstViewController.m; sourceTree = "<group>"; };
		A869AA2A1DFE7F9A00455D8B /* jsoc.html */ = {isa = PBXFileReference; fileEncoding = 4; lastKnownFileType = text.html; path = jsoc.html; sourceTree = "<group>"; };
/* End PBXFileReference section */

/* Begin PBXFrameworksBuildPhase section */
		A869A9F91DFE393000455D8B /* Frameworks */ = {
			isa = PBXFrameworksBuildPhase;
			buildActionMask = 2147483647;
			files = (
				A869AA261DFE4EC800455D8B /* WebKit.framework in Frameworks */,
			);
			runOnlyForDeploymentPostprocessing = 0;
		};
		A869AA121DFE393100455D8B /* Frameworks */ = {
			isa = PBXFrameworksBuildPhase;
			buildActionMask = 2147483647;
			files = (
			);
			runOnlyForDeploymentPostprocessing = 0;
		};
/* End PBXFrameworksBuildPhase section */

/* Begin PBXGroup section */
		A869A9F31DFE393000455D8B = {
			isa = PBXGroup;
			children = (
				A869A9FE1DFE393100455D8B /* JS */,
				A869AA181DFE393100455D8B /* JSUITests */,
				A869A9FD1DFE393100455D8B /* Products */,
				A869AA241DFE4EC800455D8B /* Frameworks */,
			);
			sourceTree = "<group>";
		};
		A869A9FD1DFE393100455D8B /* Products */ = {
			isa = PBXGroup;
			children = (
				A869A9FC1DFE393100455D8B /* JS.app */,
				A869AA151DFE393100455D8B /* JSUITests.xctest */,
			);
			name = Products;
			sourceTree = "<group>";
		};
		A869A9FE1DFE393100455D8B /* JS */ = {
			isa = PBXGroup;
			children = (
				A869AA2A1DFE7F9A00455D8B /* jsoc.html */,
				A869AA021DFE393100455D8B /* AppDelegate.h */,
				A869AA031DFE393100455D8B /* AppDelegate.m */,
				A869AA271DFE7C5500455D8B /* FirstViewController.h */,
				A869AA281DFE7C5500455D8B /* FirstViewController.m */,
				A869AA051DFE393100455D8B /* ViewController.h */,
				A869AA061DFE393100455D8B /* ViewController.m */,
				A869AA081DFE393100455D8B /* Main.storyboard */,
				A869AA0B1DFE393100455D8B /* Assets.xcassets */,
				A869AA0D1DFE393100455D8B /* LaunchScreen.storyboard */,
				A869AA101DFE393100455D8B /* Info.plist */,
				A869A9FF1DFE393100455D8B /* Supporting Files */,
			);
			path = JS;
			sourceTree = "<group>";
		};
		A869A9FF1DFE393100455D8B /* Supporting Files */ = {
			isa = PBXGroup;
			children = (
				A869AA001DFE393100455D8B /* main.m */,
			);
			name = "Supporting Files";
			sourceTree = "<group>";
		};
		A869AA181DFE393100455D8B /* JSUITests */ = {
			isa = PBXGroup;
			children = (
				A869AA191DFE393100455D8B /* JSUITests.m */,
				A869AA1B1DFE393100455D8B /* Info.plist */,
			);
			path = JSUITests;
			sourceTree = "<group>";
		};
		A869AA241DFE4EC800455D8B /* Frameworks */ = {
			isa = PBXGroup;
			children = (
				A869AA251DFE4EC800455D8B /* WebKit.framework */,
			);
			name = Frameworks;
			sourceTree = "<group>";
		};
/* End PBXGroup section */

/* Begin PBXNativeTarget section */
		A869A9FB1DFE393000455D8B /* JS */ = {
			isa = PBXNativeTarget;
			buildConfigurationList = A869AA1E1DFE393100455D8B /* Build configuration list for PBXNativeTarget "JS" */;
			buildPhases = (
				A869A9F81DFE393000455D8B /* Sources */,
				A869A9F91DFE393000455D8B /* Frameworks */,
				A869A9FA1DFE393000455D8B /* Resources */,
			);
			buildRules = (
			);
			dependencies = (
			);
			name = JS;
			productName = JS;
			productReference = A869A9FC1DFE393100455D8B /* JS.app */;
			productType = "com.apple.product-type.application";
		};
		A869AA141DFE393100455D8B /* JSUITests */ = {
			isa = PBXNativeTarget;
			buildConfigurationList = A869AA211DFE393100455D8B /* Build configuration list for PBXNativeTarget "JSUITests" */;
			buildPhases = (
				A869AA111DFE393100455D8B /* Sources */,
				A869AA121DFE393100455D8B /* Frameworks */,
				A869AA131DFE393100455D8B /* Resources */,
			);
			buildRules = (
			);
			dependencies = (
				A869AA171DFE393100455D8B /* PBXTargetDependency */,
			);
			name = JSUITests;
			productName = JSUITests;
			productReference = A869AA151DFE393100455D8B /* JSUITests.xctest */;
			productType = "com.apple.product-type.bundle.ui-testing";
		};
/* End PBXNativeTarget section */

/* Begin PBXProject section */
		A869A9F41DFE393000455D8B /* Project object */ = {
			isa = PBXProject;
			attributes = {
				LastUpgradeCheck = 0810;
				ORGANIZATIONNAME = SXiao.RR;
				TargetAttributes = {
					A869A9FB1DFE393000455D8B = {
						CreatedOnToolsVersion = 8.1;
						ProvisioningStyle = Automatic;
					};
					A869AA141DFE393100455D8B = {
						CreatedOnToolsVersion = 8.1;
						ProvisioningStyle = Automatic;
						TestTargetID = A869A9FB1DFE393000455D8B;
					};
				};
			};
			buildConfigurationList = A869A9F71DFE393000455D8B /* Build configuration list for PBXProject "JS" */;
			compatibilityVersion = "Xcode 3.2";
			developmentRegion = English;
			hasScannedForEncodings = 0;
			knownRegions = (
				en,
				Base,
			);
			mainGroup = A869A9F31DFE393000455D8B;
			productRefGroup = A869A9FD1DFE393100455D8B /* Products */;
			projectDirPath = "";
			projectRoot = "";
			targets = (
				A869A9FB1DFE393000455D8B /* JS */,
				A869AA141DFE393100455D8B /* JSUITests */,
			);
		};
/* End PBXProject section */

/* Begin PBXResourcesBuildPhase section */
		A869A9FA1DFE393000455D8B /* Resources */ = {
			isa = PBXResourcesBuildPhase;
			buildActionMask = 2147483647;
			files = (
				A869AA0F1DFE393100455D8B /* LaunchScreen.storyboard in Resources */,
				A869AA0C1DFE393100455D8B /* Assets.xcassets in Resources */,
				A869AA0A1DFE393100455D8B /* Main.storyboard in Resources */,
				A869AA2B1DFE7F9A00455D8B /* jsoc.html in Resources */,
			);
			runOnlyForDeploymentPostprocessing = 0;
		};
		A869AA131DFE393100455D8B /* Resources */ = {
			isa = PBXResourcesBuildPhase;
			buildActionMask = 2147483647;
			files = (
			);
			runOnlyForDeploymentPostprocessing = 0;
		};
/* End PBXResourcesBuildPhase section */

/* Begin PBXSourcesBuildPhase section */
		A869A9F81DFE393000455D8B /* Sources */ = {
			isa = PBXSourcesBuildPhase;
			buildActionMask = 2147483647;
			files = (
				A869AA071DFE393100455D8B /* ViewController.m in Sources */,
				A869AA041DFE393100455D8B /* AppDelegate.m in Sources */,
				A869AA011DFE393100455D8B /* main.m in Sources */,
				A869AA291DFE7C5500455D8B /* FirstViewController.m in Sources */,
			);
			runOnlyForDeploymentPostprocessing = 0;
		};
		A869AA111DFE393100455D8B /* Sources */ = {
			isa = PBXSourcesBuildPhase;
			buildActionMask = 2147483647;
			files = (
				A869AA1A1DFE393100455D8B /* JSUITests.m in Sources */,
			);
			runOnlyForDeploymentPostprocessing = 0;
		};
/* End PBXSourcesBuildPhase section */

/* Begin PBXTargetDependency section */
		A869AA171DFE393100455D8B /* PBXTargetDependency */ = {
			isa = PBXTargetDependency;
			target = A869A9FB1DFE393000455D8B /* JS */;
			targetProxy = A869AA161DFE393100455D8B /* PBXContainerItemProxy */;
		};
/* End PBXTargetDependency section */

/* Begin PBXVariantGroup section */
		A869AA081DFE393100455D8B /* Main.storyboard */ = {
			isa = PBXVariantGroup;
			children = (
				A869AA091DFE393100455D8B /* Base */,
			);
			name = Main.storyboard;
			sourceTree = "<group>";
		};
		A869AA0D1DFE393100455D8B /* LaunchScreen.storyboard */ = {
			isa = PBXVariantGroup;
			children = (
				A869AA0E1DFE393100455D8B /* Base */,
			);
			name = LaunchScreen.storyboard;
			sourceTree = "<group>";
		};
/* End PBXVariantGroup section */

/* Begin XCBuildConfiguration section */
		A869AA1C1DFE393100455D8B /* Debug */ = {
			isa = XCBuildConfiguration;
			buildSettings = {
				ALWAYS_SEARCH_USER_PATHS = NO;
				CLANG_ANALYZER_NONNULL = YES;
				CLANG_CXX_LANGUAGE_STANDARD = "gnu++0x";
				CLANG_CXX_LIBRARY = "libc++";
				CLANG_ENABLE_MODULES = YES;
				CLANG_ENABLE_OBJC_ARC = YES;
				CLANG_WARN_BOOL_CONVERSION = YES;
				CLANG_WARN_CONSTANT_CONVERSION = YES;
				CLANG_WARN_DIRECT_OBJC_ISA_USAGE = YES_ERROR;
				CLANG_WARN_DOCUMENTATION_COMMENTS = YES;
				CLANG_WARN_EMPTY_BODY = YES;
				CLANG_WARN_ENUM_CONVERSION = YES;
				CLANG_WARN_INFINITE_RECURSION = YES;
				CLANG_WARN_INT_CONVERSION = YES;
				CLANG_WARN_OBJC_ROOT_CLASS = YES_ERROR;
				CLANG_WARN_SUSPICIOUS_MOVES = YES;
				CLANG_WARN_UNREACHABLE_CODE = YES;
				CLANG_WARN__DUPLICATE_METHOD_MATCH = YES;
				"CODE_SIGN_IDENTITY[sdk=iphoneos*]" = "iPhone Developer";
				COPY_PHASE_STRIP = NO;
				DEBUG_INFORMATION_FORMAT = dwarf;
				ENABLE_STRICT_OBJC_MSGSEND = YES;
				ENABLE_TESTABILITY = YES;
				GCC_C_LANGUAGE_STANDARD = gnu99;
				GCC_DYNAMIC_NO_PIC = NO;
				GCC_NO_COMMON_BLOCKS = YES;
				GCC_OPTIMIZATION_LEVEL = 0;
				GCC_PREPROCESSOR_DEFINITIONS = (
					"DEBUG=1",
					"$(inherited)",
				);
				GCC_WARN_64_TO_32_BIT_CONVERSION = YES;
				GCC_WARN_ABOUT_RETURN_TYPE = YES_ERROR;
				GCC_WARN_UNDECLARED_SELECTOR = YES;
				GCC_WARN_UNINITIALIZED_AUTOS = YES_AGGRESSIVE;
				GCC_WARN_UNUSED_FUNCTION = YES;
				GCC_WARN_UNUSED_VARIABLE = YES;
				IPHONEOS_DEPLOYMENT_TARGET = 10.1;
				MTL_ENABLE_DEBUG_INFO = YES;
				ONLY_ACTIVE_ARCH = YES;
				SDKROOT = iphoneos;
			};
			name = Debug;
		};
		A869AA1D1DFE393100455D8B /* Release */ = {
			isa = XCBuildConfiguration;
			buildSettings = {
				ALWAYS_SEARCH_USER_PATHS = NO;
				CLANG_ANALYZER_NONNULL = YES;
				CLANG_CXX_LANGUAGE_STANDARD = "gnu++0x";
				CLANG_CXX_LIBRARY = "libc++";
				CLANG_ENABLE_MODULES = YES;
				CLANG_ENABLE_OBJC_ARC = YES;
				CLANG_WARN_BOOL_CONVERSION = YES;
				CLANG_WARN_CONSTANT_CONVERSION = YES;
				CLANG_WARN_DIRECT_OBJC_ISA_USAGE = YES_ERROR;
				CLANG_WARN_DOCUMENTATION_COMMENTS = YES;
				CLANG_WARN_EMPTY_BODY = YES;
				CLANG_WARN_ENUM_CONVERSION = YES;
				CLANG_WARN_INFINITE_RECURSION = YES;
				CLANG_WARN_INT_CONVERSION = YES;
				CLANG_WARN_OBJC_ROOT_CLASS = YES_ERROR;
				CLANG_WARN_SUSPICIOUS_MOVES = YES;
				CLANG_WARN_UNREACHABLE_CODE = YES;
				CLANG_WARN__DUPLICATE_METHOD_MATCH = YES;
				"CODE_SIGN_IDENTITY[sdk=iphoneos*]" = "iPhone Developer";
				COPY_PHASE_STRIP = NO;
				DEBUG_INFORMATION_FORMAT = "dwarf-with-dsym";
				ENABLE_NS_ASSERTIONS = NO;
				ENABLE_STRICT_OBJC_MSGSEND = YES;
				GCC_C_LANGUAGE_STANDARD = gnu99;
				GCC_NO_COMMON_BLOCKS = YES;
				GCC_WARN_64_TO_32_BIT_CONVERSION = YES;
				GCC_WARN_ABOUT_RETURN_TYPE = YES_ERROR;
				GCC_WARN_UNDECLARED_SELECTOR = YES;
				GCC_WARN_UNINITIALIZED_AUTOS = YES_AGGRESSIVE;
				GCC_WARN_UNUSED_FUNCTION = YES;
				GCC_WARN_UNUSED_VARIABLE = YES;
				IPHONEOS_DEPLOYMENT_TARGET = 10.1;
				MTL_ENABLE_DEBUG_INFO = NO;
				SDKROOT = iphoneos;
				VALIDATE_PRODUCT = YES;
			};
			name = Release;
		};
		A869AA1F1DFE393100455D8B /* Debug */ = {
			isa = XCBuildConfiguration;
			buildSettings = {
				ASSETCATALOG_COMPILER_APPICON_NAME = AppIcon;
				INFOPLIST_FILE = JS/Info.plist;
				LD_RUNPATH_SEARCH_PATHS = "$(inherited) @executable_path/Frameworks";
				PRODUCT_BUNDLE_IDENTIFIER = com.Sxiao.project.JS;
				PRODUCT_NAME = "$(TARGET_NAME)";
			};
			name = Debug;
		};
		A869AA201DFE393100455D8B /* Release */ = {
			isa = XCBuildConfiguration;
			buildSettings = {
				ASSETCATALOG_COMPILER_APPICON_NAME = AppIcon;
				INFOPLIST_FILE = JS/Info.plist;
				LD_RUNPATH_SEARCH_PATHS = "$(inherited) @executable_path/Frameworks";
				PRODUCT_BUNDLE_IDENTIFIER = com.Sxiao.project.JS;
				PRODUCT_NAME = "$(TARGET_NAME)";
			};
			name = Release;
		};
		A869AA221DFE393100455D8B /* Debug */ = {
			isa = XCBuildConfiguration;
			buildSettings = {
				INFOPLIST_FILE = JSUITests/Info.plist;
				LD_RUNPATH_SEARCH_PATHS = "$(inherited) @executable_path/Frameworks @loader_path/Frameworks";
				PRODUCT_BUNDLE_IDENTIFIER = com.Sxiao.project.JSUITests;
				PRODUCT_NAME = "$(TARGET_NAME)";
				TEST_TARGET_NAME = JS;
			};
			name = Debug;
		};
		A869AA231DFE393100455D8B /* Release */ = {
			isa = XCBuildConfiguration;
			buildSettings = {
				INFOPLIST_FILE = JSUITests/Info.plist;
				LD_RUNPATH_SEARCH_PATHS = "$(inherited) @executable_path/Frameworks @loader_path/Frameworks";
				PRODUCT_BUNDLE_IDENTIFIER = com.Sxiao.project.JSUITests;
				PRODUCT_NAME = "$(TARGET_NAME)";
				TEST_TARGET_NAME = JS;
			};
			name = Release;
		};
/* End XCBuildConfiguration section */

/* Begin XCConfigurationList section */
		A869A9F71DFE393000455D8B /* Build configuration list for PBXProject "JS" */ = {
			isa = XCConfigurationList;
			buildConfigurations = (
				A869AA1C1DFE393100455D8B /* Debug */,
				A869AA1D1DFE393100455D8B /* Release */,
			);
			defaultConfigurationIsVisible = 0;
			defaultConfigurationName = Release;
		};
		A869AA1E1DFE393100455D8B /* Build configuration list for PBXNativeTarget "JS" */ = {
			isa = XCConfigurationList;
			buildConfigurations = (
				A869AA1F1DFE393100455D8B /* Debug */,
				A869AA201DFE393100455D8B /* Release */,
			);
			defaultConfigurationIsVisible = 0;
		};
		A869AA211DFE393100455D8B /* Build configuration list for PBXNativeTarget "JSUITests" */ = {
			isa = XCConfigurationList;
			buildConfigurations = (
				A869AA221DFE393100455D8B /* Debug */,
				A869AA231DFE393100455D8B /* Release */,
			);
			defaultConfigurationIsVisible = 0;
		};
/* End XCConfigurationList section */
	};
	rootObject = A869A9F41DFE393000455D8B /* Project object */;
}
